
Microsoft Visual Studio Solution File, Format Version 12.00
# Visual Studio Version 17
VisualStudioVersion = 17.1.32421.90
MinimumVisualStudioVersion = 10.0.40219.1
Project("{FAE04EC0-301F-11D3-BF4B-00C04F79EFBC}") = "ToyBCASim", "ToyBCASim\ToyBCASim.csproj", "{379D7C06-81FA-413A-AE4C-8FB07B96E8E4}"
EndProject
Global
	GlobalSection(SolutionConfigurationPlatforms) = preSolution
		Debug|Any CPU = Debug|Any CPU
		Release|Any CPU = Release|Any CPU
	EndGlobalSection
	GlobalSection(ProjectConfigurationPlatforms) = postSolution
		{379D7C06-81FA-413A-AE4C-8FB07B96E8E4}.Debug|Any CPU.ActiveCfg = Debug|Any CPU
		{379D7C06-81FA-413A-AE4C-8FB07B96E8E4}.Debug|Any CPU.Build.0 = Debug|Any CPU
		{379D7C06-81FA-413A-AE4C-8FB07B96E8E4}.Release|Any CPU.ActiveCfg = Release|Any CPU
		{379D7C06-81FA-413A-AE4C-8FB07B96E8E4}.Release|Any CPU.Build.0 = Release|Any CPU
	EndGlobalSection
	GlobalSection(SolutionProperties) = preSolution
		HideSolutionNode = FALSE
	EndGlobalSection
	GlobalSection(ExtensibilityGlobals) = postSolution
		SolutionGuid = {715A724A-83C5-4AFB-8CF9-005D53941CDA}
	EndGlobalSection
EndGlobal
